<?xml version="1.0" encoding="utf-8"?>
<Project ToolsVersion="4.0" xmlns="http://schemas.microsoft.com/developer/msbuild/2003">
  <ItemGroup>
    <Filter Include="源文件">
      <UniqueIdentifier>{4FC737F1-C7A5-4376-A066-2A32D752A2FF}</UniqueIdentifier>
      <Extensions>cpp;c;cc;cxx;c++;cppm;ixx;def;odl;idl;hpj;bat;asm;asmx</Extensions>
    </Filter>
    <Filter Include="头文件">
      <UniqueIdentifier>{93995380-89BD-4b04-88EB-625FBE52EBFB}</UniqueIdentifier>
      <Extensions>h;hh;hpp;hxx;h++;hm;inl;inc;ipp;xsd</Extensions>
    </Filter>
    <Filter Include="资源文件">
      <UniqueIdentifier>{67DA6AB6-F800-4c08-8B7A-83BB121AAD01}</UniqueIdentifier>
      <Extensions>rc;ico;cur;bmp;dlg;rc2;rct;bin;rgs;gif;jpg;jpeg;jpe;resx;tiff;tif;png;wav;mfcribbon-ms</Extensions>
    </Filter>
    <Filter Include="头文件\App">
      <UniqueIdentifier>{dc579baa-5388-4c02-bf7d-25c255648198}</UniqueIdentifier>
    </Filter>
    <Filter Include="源文件\App">
      <UniqueIdentifier>{961737e5-0e1c-485c-a7eb-944629281fa2}</UniqueIdentifier>
    </Filter>
    <Filter Include="源文件\Render">
      <UniqueIdentifier>{fbe8fe0b-19f0-4281-915b-e07a6cc8cdeb}</UniqueIdentifier>
    </Filter>
    <Filter Include="头文件\Window">
      <UniqueIdentifier>{6dae8c7b-2573-46b3-a866-5510406ed0ee}</UniqueIdentifier>
    </Filter>
    <Filter Include="源文件\Window">
      <UniqueIdentifier>{926c1338-de01-443b-ad68-28e3f428f082}</UniqueIdentifier>
    </Filter>
    <Filter Include="头文件\Gui">
      <UniqueIdentifier>{4a6d60f3-9322-4e34-8b70-b37134ebe8aa}</UniqueIdentifier>
    </Filter>
    <Filter Include="源文件\Gui">
      <UniqueIdentifier>{211d38e1-5ce1-4252-9542-34939f25e6e1}</UniqueIdentifier>
    </Filter>
    <Filter Include="头文件\Gui\Imgui">
      <UniqueIdentifier>{7758d73e-77ff-43cd-852b-0369dc226507}</UniqueIdentifier>
    </Filter>
    <Filter Include="头文件\Renderer">
      <UniqueIdentifier>{de66e42d-aae9-4aaa-b1ce-9bca57216d7e}</UniqueIdentifier>
    </Filter>
    <Filter Include="头文件\ResourceManager">
      <UniqueIdentifier>{c998babe-4904-4dac-b4be-af2223cec04b}</UniqueIdentifier>
    </Filter>
    <Filter Include="源文件\ResourceManager">
      <UniqueIdentifier>{fed4d69f-bb88-4fb6-8e83-b086854a5220}</UniqueIdentifier>
    </Filter>
    <Filter Include="源文件\shader">
      <UniqueIdentifier>{5ebe1588-4bb9-4d84-9a2f-657335269a45}</UniqueIdentifier>
    </Filter>
    <Filter Include="头文件\ResourceManager\Material">
      <UniqueIdentifier>{e39c802d-12ea-4464-a2bf-a52d0c3b1390}</UniqueIdentifier>
    </Filter>
    <Filter Include="源文件\ResourceManager\Material">
      <UniqueIdentifier>{efeafd64-444b-41a2-a72f-f046c4e3b7cb}</UniqueIdentifier>
    </Filter>
    <Filter Include="头文件\ResourceManager\Model">
      <UniqueIdentifier>{9cf76c17-79ed-4eb8-8f6e-886055232b83}</UniqueIdentifier>
    </Filter>
    <Filter Include="源文件\ResourceManager\Model">
      <UniqueIdentifier>{9309951b-814f-471c-8dfe-9aa5ca5b1b88}</UniqueIdentifier>
    </Filter>
  </ItemGroup>
  <ItemGroup>
    <ClInclude Include="Include\App\CatRender.h">
      <Filter>头文件\App</Filter>
    </ClInclude>
    <ClInclude Include="Include\Window\window.h">
      <Filter>头文件\Window</Filter>
    </ClInclude>
    <ClInclude Include="Include\Gui\imstb_truetype.h">
      <Filter>头文件\Gui\Imgui</Filter>
    </ClInclude>
    <ClInclude Include="Include\Gui\imconfig.h">
      <Filter>头文件\Gui\Imgui</Filter>
    </ClInclude>
    <ClInclude Include="Include\Gui\imgui.h">
      <Filter>头文件\Gui\Imgui</Filter>
    </ClInclude>
    <ClInclude Include="Include\Gui\imgui_internal.h">
      <Filter>头文件\Gui\Imgui</Filter>
    </ClInclude>
    <ClInclude Include="Include\Gui\imstb_rectpack.h">
      <Filter>头文件\Gui\Imgui</Filter>
    </ClInclude>
    <ClInclude Include="Include\Gui\imstb_textedit.h">
      <Filter>头文件\Gui\Imgui</Filter>
    </ClInclude>
    <ClInclude Include="Include\Gui\imgui_impl_glfw.h">
      <Filter>头文件\Gui\Imgui</Filter>
    </ClInclude>
    <ClInclude Include="Include\Gui\imgui_impl_vulkan.h">
      <Filter>头文件\Gui\Imgui</Filter>
    </ClInclude>
    <ClInclude Include="Include\Gui\GUIManager.h">
      <Filter>头文件\Gui</Filter>
    </ClInclude>
    <ClInclude Include="Include\Renderer\VulkanCore.h">
      <Filter>头文件\Renderer</Filter>
    </ClInclude>
    <ClInclude Include="Include\Renderer\Camera.hpp">
      <Filter>头文件\Renderer</Filter>
    </ClInclude>
    <ClInclude Include="Include\ResourceManager\BufferManager.h">
      <Filter>头文件\ResourceManager</Filter>
    </ClInclude>
    <ClInclude Include="Include\ResourceManager\Material.h">
      <Filter>头文件\ResourceManager\Material</Filter>
    </ClInclude>
    <ClInclude Include="Include\ResourceManager\MaterialManager.h">
      <Filter>头文件\ResourceManager\Material</Filter>
    </ClInclude>
    <ClInclude Include="Include\ResourceManager\MaterialViewer.h">
      <Filter>头文件\ResourceManager\Material</Filter>
    </ClInclude>
    <ClInclude Include="Include\ResourceManager\Mesh.h">
      <Filter>头文件\ResourceManager\Model</Filter>
    </ClInclude>
    <ClInclude Include="Include\ResourceManager\ModelInstance.h">
      <Filter>头文件\ResourceManager\Model</Filter>
    </ClInclude>
    <ClInclude Include="Include\ResourceManager\ModelManager.h">
      <Filter>头文件\ResourceManager\Model</Filter>
    </ClInclude>
  </ItemGroup>
  <ItemGroup>
    <ClCompile Include="Src\App\CatRender.cpp">
      <Filter>源文件\App</Filter>
    </ClCompile>
    <ClCompile Include="main.cpp">
      <Filter>源文件</Filter>
    </ClCompile>
    <ClCompile Include="Src\Window\Window.cpp">
      <Filter>源文件\Window</Filter>
    </ClCompile>
    <ClCompile Include="Include\Gui\imgui.cpp">
      <Filter>头文件\Gui\Imgui</Filter>
    </ClCompile>
    <ClCompile Include="Include\Gui\imgui_demo.cpp">
      <Filter>头文件\Gui\Imgui</Filter>
    </ClCompile>
    <ClCompile Include="Include\Gui\imgui_draw.cpp">
      <Filter>头文件\Gui\Imgui</Filter>
    </ClCompile>
    <ClCompile Include="Include\Gui\imgui_tables.cpp">
      <Filter>头文件\Gui\Imgui</Filter>
    </ClCompile>
    <ClCompile Include="Include\Gui\imgui_widgets.cpp">
      <Filter>头文件\Gui\Imgui</Filter>
    </ClCompile>
    <ClCompile Include="Include\Gui\imgui_impl_glfw.cpp">
      <Filter>头文件\Gui\Imgui</Filter>
    </ClCompile>
    <ClCompile Include="Include\Gui\imgui_impl_vulkan.cpp">
      <Filter>头文件\Gui\Imgui</Filter>
    </ClCompile>
    <ClCompile Include="Src\Gui\GUIManager.cpp">
      <Filter>源文件\Gui</Filter>
    </ClCompile>
    <ClCompile Include="Src\Renderer\VulkanCore.cpp">
      <Filter>源文件\Render</Filter>
    </ClCompile>
    <ClCompile Include="Src\Renderer\Camera.cpp">
      <Filter>源文件\Render</Filter>
    </ClCompile>
    <ClCompile Include="Src\ResourceManager\BufferManager.cpp">
      <Filter>源文件\ResourceManager</Filter>
    </ClCompile>
    <ClCompile Include="Src\ResourceManager\Material.cpp">
      <Filter>源文件\ResourceManager\Material</Filter>
    </ClCompile>
    <ClCompile Include="Src\ResourceManager\MateralManager.cpp">
      <Filter>源文件\ResourceManager\Material</Filter>
    </ClCompile>
    <ClCompile Include="Src\ResourceManager\Mesh.cpp">
      <Filter>源文件\ResourceManager\Model</Filter>
    </ClCompile>
    <ClCompile Include="Src\ResourceManager\ModelInstance.cpp">
      <Filter>源文件\ResourceManager\Model</Filter>
    </ClCompile>
    <ClCompile Include="Src\ResourceManager\ModelManager.cpp">
      <Filter>源文件\ResourceManager\Model</Filter>
    </ClCompile>
  </ItemGroup>
  <ItemGroup>
    <None Include="shaders\Shader.frag">
      <Filter>源文件\shader</Filter>
    </None>
    <None Include="shaders\Shader.vert">
      <Filter>源文件\shader</Filter>
    </None>
  </ItemGroup>
</Project>